
Microsoft Visual Studio Solution File, Format Version 12.00
# Visual Studio Version 16
VisualStudioVersion = 16.0.29613.14
MinimumVisualStudioVersion = 10.0.40219.1
Project("{FAE04EC0-301F-11D3-BF4B-00C04F79EFBC}") = "Mr. Wilson's Subs", "Mr. Wilson's Subs.csproj", "{74F24E84-0D99-4416-A4BB-B53162F3809A}"
EndProject
Global
	GlobalSection(SolutionConfigurationPlatforms) = preSolution
		Debug|Any CPU = Debug|Any CPU
		Release|Any CPU = Release|Any CPU
	EndGlobalSection
	GlobalSection(ProjectConfigurationPlatforms) = postSolution
		{74F24E84-0D99-4416-A4BB-B53162F3809A}.Debug|Any CPU.ActiveCfg = Debug|Any CPU
		{74F24E84-0D99-4416-A4BB-B53162F3809A}.Debug|Any CPU.Build.0 = Debug|Any CPU
		{74F24E84-0D99-4416-A4BB-B53162F3809A}.Release|Any CPU.ActiveCfg = Release|Any CPU
		{74F24E84-0D99-4416-A4BB-B53162F3809A}.Release|Any CPU.Build.0 = Release|Any CPU
	EndGlobalSection
	GlobalSection(SolutionProperties) = preSolution
		HideSolutionNode = FALSE
	EndGlobalSection
	GlobalSection(ExtensibilityGlobals) = postSolution
		SolutionGuid = {3573A1DB-CF85-4224-9554-1E3F68776FB7}
	EndGlobalSection
EndGlobal
